{
  "nodes": {
    "flake-compat": {
      "flake": false,
      "locked": {
        "lastModified": 1673956053,
        "narHash": "sha256-4gtG9iQuiKITOjNQQeQIpoIB6b16fm+504Ch3sNKLd8=",
        "owner": "edolstra",
        "repo": "flake-compat",
        "rev": "35bb57c0c8d8b62bbfd284272c928ceb64ddbde9",
        "type": "github"
      },
      "original": {
        "owner": "edolstra",
        "repo": "flake-compat",
        "type": "github"
      }
    },
    "flake-compat_2": {
      "flake": false,
      "locked": {
        "lastModified": 1673956053,
        "narHash": "sha256-4gtG9iQuiKITOjNQQeQIpoIB6b16fm+504Ch3sNKLd8=",
        "owner": "edolstra",
        "repo": "flake-compat",
        "rev": "35bb57c0c8d8b62bbfd284272c928ceb64ddbde9",
        "type": "github"
      },
      "original": {
        "owner": "edolstra",
        "repo": "flake-compat",
        "type": "github"
      }
    },
    "flake-parts": {
      "inputs": {
        "nixpkgs-lib": "nixpkgs-lib"
      },
      "locked": {
        "lastModified": 1674771137,
        "narHash": "sha256-Zpk1GbEsYrqKmuIZkx+f+8pU0qcCYJoSUwNz1Zk+R00=",
        "owner": "hercules-ci",
        "repo": "flake-parts",
        "rev": "7c7a8bce3dffe71203dcd4276504d1cb49dfe05f",
        "type": "github"
      },
      "original": {
        "owner": "hercules-ci",
        "repo": "flake-parts",
        "type": "github"
      }
    },
    "flake-parts_2": {
      "inputs": {
        "nixpkgs-lib": "nixpkgs-lib_2"
      },
      "locked": {
        "lastModified": 1674771137,
        "narHash": "sha256-Zpk1GbEsYrqKmuIZkx+f+8pU0qcCYJoSUwNz1Zk+R00=",
        "owner": "hercules-ci",
        "repo": "flake-parts",
        "rev": "7c7a8bce3dffe71203dcd4276504d1cb49dfe05f",
        "type": "github"
      },
      "original": {
        "owner": "hercules-ci",
        "repo": "flake-parts",
        "type": "github"
      }
    },
    "flake-parts_3": {
      "inputs": {
        "nixpkgs-lib": "nixpkgs-lib_3"
      },
      "locked": {
        "lastModified": 1675295133,
        "narHash": "sha256-dU8fuLL98WFXG0VnRgM00bqKX6CEPBLybhiIDIgO45o=",
        "owner": "hercules-ci",
        "repo": "flake-parts",
        "rev": "bf53492df08f3178ce85e0c9df8ed8d03c030c9f",
        "type": "github"
      },
      "original": {
        "owner": "hercules-ci",
        "repo": "flake-parts",
        "type": "github"
      }
    },
    "flake-utils": {
      "locked": {
        "lastModified": 1667395993,
        "narHash": "sha256-nuEHfE/LcWyuSWnS8t12N1wc105Qtau+/OdUAjtQ0rA=",
        "owner": "numtide",
        "repo": "flake-utils",
        "rev": "5aed5285a952e0b949eb3ba02c12fa4fcfef535f",
        "type": "github"
      },
      "original": {
        "owner": "numtide",
        "repo": "flake-utils",
        "type": "github"
      }
    },
    "flake-utils_2": {
      "locked": {
        "lastModified": 1659877975,
        "narHash": "sha256-zllb8aq3YO3h8B/U0/J1WBgAL8EX5yWf5pMj3G0NAmc=",
        "owner": "numtide",
        "repo": "flake-utils",
        "rev": "c0e246b9b83f637f4681389ecabcb2681b4f3af0",
        "type": "github"
      },
      "original": {
        "owner": "numtide",
        "repo": "flake-utils",
        "type": "github"
      }
    },
    "flake-utils_3": {
      "locked": {
        "lastModified": 1667395993,
        "narHash": "sha256-nuEHfE/LcWyuSWnS8t12N1wc105Qtau+/OdUAjtQ0rA=",
        "owner": "numtide",
        "repo": "flake-utils",
        "rev": "5aed5285a952e0b949eb3ba02c12fa4fcfef535f",
        "type": "github"
      },
      "original": {
        "owner": "numtide",
        "repo": "flake-utils",
        "type": "github"
      }
    },
    "flake-utils_4": {
      "locked": {
        "lastModified": 1667395993,
        "narHash": "sha256-nuEHfE/LcWyuSWnS8t12N1wc105Qtau+/OdUAjtQ0rA=",
        "owner": "numtide",
        "repo": "flake-utils",
        "rev": "5aed5285a952e0b949eb3ba02c12fa4fcfef535f",
        "type": "github"
      },
      "original": {
        "owner": "numtide",
        "repo": "flake-utils",
        "type": "github"
      }
    },
    "flake-utils_5": {
      "locked": {
        "lastModified": 1659877975,
        "narHash": "sha256-zllb8aq3YO3h8B/U0/J1WBgAL8EX5yWf5pMj3G0NAmc=",
        "owner": "numtide",
        "repo": "flake-utils",
        "rev": "c0e246b9b83f637f4681389ecabcb2681b4f3af0",
        "type": "github"
      },
      "original": {
        "owner": "numtide",
        "repo": "flake-utils",
        "type": "github"
      }
    },
    "gitignore": {
      "inputs": {
        "nixpkgs": [
          "neovim-nix",
          "pre-commit-nix",
          "nixpkgs"
        ]
      },
      "locked": {
        "lastModified": 1660459072,
        "narHash": "sha256-8DFJjXG8zqoONA1vXtgeKXy68KdJL5UaXR8NtVMUbx8=",
        "owner": "hercules-ci",
        "repo": "gitignore.nix",
        "rev": "a20de23b925fd8264fd7fad6454652e142fd7f73",
        "type": "github"
      },
      "original": {
        "owner": "hercules-ci",
        "repo": "gitignore.nix",
        "type": "github"
      }
    },
    "gitignore_2": {
      "inputs": {
        "nixpkgs": [
          "sg-nvim",
          "pre-commit-nix",
          "nixpkgs"
        ]
      },
      "locked": {
        "lastModified": 1660459072,
        "narHash": "sha256-8DFJjXG8zqoONA1vXtgeKXy68KdJL5UaXR8NtVMUbx8=",
        "owner": "hercules-ci",
        "repo": "gitignore.nix",
        "rev": "a20de23b925fd8264fd7fad6454652e142fd7f73",
        "type": "github"
      },
      "original": {
        "owner": "hercules-ci",
        "repo": "gitignore.nix",
        "type": "github"
      }
    },
    "neovim": {
      "inputs": {
        "flake-utils": "flake-utils",
        "nixpkgs": "nixpkgs"
      },
      "locked": {
        "dir": "contrib",
        "lastModified": 1675191513,
        "narHash": "sha256-mYlmVsx2yxiLo3SyzplU0Mxz6cN0O1mBd08yNWdq5AI=",
        "owner": "neovim",
        "repo": "neovim",
        "rev": "8376486e8ff1722a0760443fc4a402bdea632dda",
        "type": "github"
      },
      "original": {
        "dir": "contrib",
        "owner": "neovim",
        "repo": "neovim",
        "type": "github"
      }
    },
    "neovim-nix": {
      "inputs": {
        "flake-parts": "flake-parts_2",
        "neovim": "neovim_2",
        "nixpkgs": "nixpkgs_3",
        "pre-commit-nix": "pre-commit-nix"
      },
      "locked": {
        "lastModified": 1677697503,
        "narHash": "sha256-jSp+mH9kpQ/ucgL4pGTAuweodJlmi2/XTVJCXdeBQ9o=",
        "path": "/home/bombadil/dev/neovim.nix",
        "type": "path"
      },
      "original": {
        "path": "/home/bombadil/dev/neovim.nix",
        "type": "path"
      }
    },
    "neovim_2": {
      "inputs": {
        "flake-utils": "flake-utils_2",
        "nixpkgs": "nixpkgs_2"
      },
      "locked": {
        "dir": "contrib",
        "lastModified": 1664910906,
        "narHash": "sha256-3m0SawPJcCnKGO6cWbX+iha3+0jhSgd45wJfHqAdy1o=",
        "owner": "neovim",
        "repo": "neovim",
        "rev": "6abb48105135ce3ae7eda22334f8104c5ddf20ce",
        "type": "github"
      },
      "original": {
        "dir": "contrib",
        "owner": "neovim",
        "repo": "neovim",
        "type": "github"
      }
    },
    "nixpkgs": {
      "locked": {
        "lastModified": 1671983799,
        "narHash": "sha256-Z2Ro6hFPZHkBqkVXY5/aBUzxi5xizQGvuHQ9+T5B/ks=",
        "owner": "nixos",
        "repo": "nixpkgs",
        "rev": "fad51abd42ca17a60fc1d4cb9382e2d79ae31836",
        "type": "github"
      },
      "original": {
        "owner": "nixos",
        "ref": "nixos-unstable",
        "repo": "nixpkgs",
        "type": "github"
      }
    },
    "nixpkgs-lib": {
      "locked": {
        "dir": "lib",
        "lastModified": 1672350804,
        "narHash": "sha256-jo6zkiCabUBn3ObuKXHGqqORUMH27gYDIFFfLq5P4wg=",
        "owner": "NixOS",
        "repo": "nixpkgs",
        "rev": "677ed08a50931e38382dbef01cba08a8f7eac8f6",
        "type": "github"
      },
      "original": {
        "dir": "lib",
        "owner": "NixOS",
        "ref": "nixos-unstable",
        "repo": "nixpkgs",
        "type": "github"
      }
    },
    "nixpkgs-lib_2": {
      "locked": {
        "dir": "lib",
        "lastModified": 1672350804,
        "narHash": "sha256-jo6zkiCabUBn3ObuKXHGqqORUMH27gYDIFFfLq5P4wg=",
        "owner": "NixOS",
        "repo": "nixpkgs",
        "rev": "677ed08a50931e38382dbef01cba08a8f7eac8f6",
        "type": "github"
      },
      "original": {
        "dir": "lib",
        "owner": "NixOS",
        "ref": "nixos-unstable",
        "repo": "nixpkgs",
        "type": "github"
      }
    },
    "nixpkgs-lib_3": {
      "locked": {
        "dir": "lib",
        "lastModified": 1675183161,
        "narHash": "sha256-Zq8sNgAxDckpn7tJo7V1afRSk2eoVbu3OjI1QklGLNg=",
        "owner": "NixOS",
        "repo": "nixpkgs",
        "rev": "e1e1b192c1a5aab2960bf0a0bd53a2e8124fa18e",
        "type": "github"
      },
      "original": {
        "dir": "lib",
        "owner": "NixOS",
        "ref": "nixos-unstable",
        "repo": "nixpkgs",
        "type": "github"
      }
    },
    "nixpkgs-stable": {
      "locked": {
        "lastModified": 1673800717,
        "narHash": "sha256-SFHraUqLSu5cC6IxTprex/nTsI81ZQAtDvlBvGDWfnA=",
        "owner": "NixOS",
        "repo": "nixpkgs",
        "rev": "2f9fd351ec37f5d479556cd48be4ca340da59b8f",
        "type": "github"
      },
      "original": {
        "owner": "NixOS",
        "ref": "nixos-22.11",
        "repo": "nixpkgs",
        "type": "github"
      }
    },
    "nixpkgs-stable_2": {
      "locked": {
        "lastModified": 1673800717,
        "narHash": "sha256-SFHraUqLSu5cC6IxTprex/nTsI81ZQAtDvlBvGDWfnA=",
        "owner": "NixOS",
        "repo": "nixpkgs",
        "rev": "2f9fd351ec37f5d479556cd48be4ca340da59b8f",
        "type": "github"
      },
      "original": {
        "owner": "NixOS",
        "ref": "nixos-22.11",
        "repo": "nixpkgs",
        "type": "github"
      }
    },
    "nixpkgs_2": {
      "locked": {
        "lastModified": 1662019588,
        "narHash": "sha256-oPEjHKGGVbBXqwwL+UjsveJzghWiWV0n9ogo1X6l4cw=",
        "owner": "nixos",
        "repo": "nixpkgs",
        "rev": "2da64a81275b68fdad38af669afeda43d401e94b",
        "type": "github"
      },
      "original": {
        "owner": "nixos",
        "ref": "nixos-unstable",
        "repo": "nixpkgs",
        "type": "github"
      }
    },
    "nixpkgs_3": {
      "locked": {
        "lastModified": 1664847737,
        "narHash": "sha256-Wxl0CtRH3Vo8+qEZ/PbCcx+9D8wEEi56tJPmROum2ss=",
        "owner": "nixos",
        "repo": "nixpkgs",
        "rev": "de80d1d04ee691279e1302a1128c082bbda3ab01",
        "type": "github"
      },
      "original": {
        "owner": "nixos",
        "ref": "nixpkgs-unstable",
        "repo": "nixpkgs",
        "type": "github"
      }
    },
    "nixpkgs_4": {
      "locked": {
        "lastModified": 1671271357,
        "narHash": "sha256-xRJdLbWK4v2SewmSStYrcLa0YGJpleufl44A19XSW8k=",
        "owner": "NixOS",
        "repo": "nixpkgs",
        "rev": "40f79f003b6377bd2f4ed4027dde1f8f922995dd",
        "type": "github"
      },
      "original": {
        "owner": "NixOS",
        "ref": "nixos-unstable",
        "repo": "nixpkgs",
        "type": "github"
      }
    },
    "nixpkgs_5": {
      "locked": {
        "lastModified": 1675153841,
        "narHash": "sha256-EWvU3DLq+4dbJiukfhS7r6sWZyJikgXn6kNl7eHljW8=",
        "owner": "nixos",
        "repo": "nixpkgs",
        "rev": "ea692c2ad1afd6384e171eabef4f0887d2b882d3",
        "type": "github"
      },
      "original": {
        "owner": "nixos",
        "ref": "nixpkgs-unstable",
        "repo": "nixpkgs",
        "type": "github"
      }
    },
    "nixpkgs_6": {
      "locked": {
        "lastModified": 1675553537,
        "narHash": "sha256-Ll/rx3JnvK53tfeDEFVFlH8UOxtBCyKB3cipyVhRbII=",
        "owner": "nixos",
        "repo": "nixpkgs",
        "rev": "19ad2a2b84a99b8025ace91ba7b80d12d8ae71db",
        "type": "github"
      },
      "original": {
        "owner": "nixos",
        "ref": "nixpkgs-unstable",
        "repo": "nixpkgs",
        "type": "github"
      }
    },
    "nixpkgs_7": {
      "locked": {
        "lastModified": 1671271357,
        "narHash": "sha256-xRJdLbWK4v2SewmSStYrcLa0YGJpleufl44A19XSW8k=",
        "owner": "NixOS",
        "repo": "nixpkgs",
        "rev": "40f79f003b6377bd2f4ed4027dde1f8f922995dd",
        "type": "github"
      },
      "original": {
        "owner": "NixOS",
        "ref": "nixos-unstable",
        "repo": "nixpkgs",
        "type": "github"
      }
    },
    "nixpkgs_8": {
      "locked": {
        "lastModified": 1665296151,
        "narHash": "sha256-uOB0oxqxN9K7XGF1hcnY+PQnlQJ+3bP2vCn/+Ru/bbc=",
        "owner": "NixOS",
        "repo": "nixpkgs",
        "rev": "14ccaaedd95a488dd7ae142757884d8e125b3363",
        "type": "github"
      },
      "original": {
        "owner": "NixOS",
        "ref": "nixpkgs-unstable",
        "repo": "nixpkgs",
        "type": "github"
      }
    },
    "pre-commit-nix": {
      "inputs": {
        "flake-compat": "flake-compat",
        "flake-utils": "flake-utils_3",
        "gitignore": "gitignore",
        "nixpkgs": "nixpkgs_4",
        "nixpkgs-stable": "nixpkgs-stable"
      },
      "locked": {
        "lastModified": 1675169698,
        "narHash": "sha256-C1wFiyJ+4SRvIsFkdMIN1Fa+58APmyTGKWpX9EKOehM=",
        "owner": "cachix",
        "repo": "pre-commit-hooks.nix",
        "rev": "ce4efeec34c6eb35ba07b8fceaae87d6b46c1c5f",
        "type": "github"
      },
      "original": {
        "owner": "cachix",
        "repo": "pre-commit-hooks.nix",
        "type": "github"
      }
    },
    "pre-commit-nix_2": {
      "inputs": {
        "flake-compat": "flake-compat_2",
        "flake-utils": "flake-utils_4",
        "gitignore": "gitignore_2",
        "nixpkgs": "nixpkgs_7",
        "nixpkgs-stable": "nixpkgs-stable_2"
      },
      "locked": {
        "lastModified": 1675337566,
        "narHash": "sha256-jmLBTQcs1jFOn8h1Q5b5XwPfYgFOtcZ3+mU9KvfC6Js=",
        "owner": "cachix",
        "repo": "pre-commit-hooks.nix",
        "rev": "5668d079583a5b594cb4e0cc0e6d84f1b93da7ae",
        "type": "github"
      },
      "original": {
        "owner": "cachix",
        "repo": "pre-commit-hooks.nix",
        "type": "github"
      }
    },
    "root": {
      "inputs": {
        "flake-parts": "flake-parts",
        "neovim": "neovim",
        "neovim-nix": "neovim-nix",
        "nixpkgs": "nixpkgs_5",
        "sg-nvim": "sg-nvim"
      }
    },
    "rust-overlay": {
      "inputs": {
        "flake-utils": "flake-utils_5",
        "nixpkgs": "nixpkgs_8"
      },
      "locked": {
        "lastModified": 1675564291,
        "narHash": "sha256-mJ9ISIElFGCPYRDBYVv2AWPwYSsbTCEJg2E9n4ALxwc=",
        "owner": "oxalica",
        "repo": "rust-overlay",
        "rev": "3bf0a253c07b4ddea8a5f0fb805e2a412cc7c7d4",
        "type": "github"
      },
      "original": {
        "owner": "oxalica",
        "repo": "rust-overlay",
        "type": "github"
      }
    },
    "sg-nvim": {
      "inputs": {
        "flake-parts": "flake-parts_3",
        "nixpkgs": "nixpkgs_6",
        "pre-commit-nix": "pre-commit-nix_2",
        "rust-overlay": "rust-overlay"
      },
      "locked": {
        "lastModified": 1675592426,
        "narHash": "sha256-lTARaAzx04+hFLXQEZE/Q73Xh4gOeUl9WN1QsN5s2A8=",
        "owner": "willruggiano",
        "repo": "sg.nvim",
        "rev": "289a635597d4b4850827f35512cf3d165f97412f",
        "type": "github"
      },
      "original": {
        "owner": "willruggiano",
        "repo": "sg.nvim",
        "type": "github"
      }
    }
  },
  "root": "root",
  "version": 7
}
